
Microsoft Visual Studio Solution File, Format Version 12.00
# Visual Studio Version 16
VisualStudioVersion = 16.0.31911.196
MinimumVisualStudioVersion = 10.0.40219.1
Project("{FAE04EC0-301F-11D3-BF4B-00C04F79EFBC}") = "TwoDimensionalArrays", "TwoDimensionalArrays.csproj", "{3D5E6933-F960-4414-B42B-78DE170ABD64}"
EndProject
Global
	GlobalSection(SolutionConfigurationPlatforms) = preSolution
		Debug|Any CPU = Debug|Any CPU
		Release|Any CPU = Release|Any CPU
	EndGlobalSection
	GlobalSection(ProjectConfigurationPlatforms) = postSolution
		{3D5E6933-F960-4414-B42B-78DE170ABD64}.Debug|Any CPU.ActiveCfg = Debug|Any CPU
		{3D5E6933-F960-4414-B42B-78DE170ABD64}.Debug|Any CPU.Build.0 = Debug|Any CPU
		{3D5E6933-F960-4414-B42B-78DE170ABD64}.Release|Any CPU.ActiveCfg = Release|Any CPU
		{3D5E6933-F960-4414-B42B-78DE170ABD64}.Release|Any CPU.Build.0 = Release|Any CPU
	EndGlobalSection
	GlobalSection(SolutionProperties) = preSolution
		HideSolutionNode = FALSE
	EndGlobalSection
	GlobalSection(ExtensibilityGlobals) = postSolution
		SolutionGuid = {A6F9B3B1-711F-41C0-A7F1-DD18720AD34C}
	EndGlobalSection
EndGlobal
